
Microsoft Visual Studio Solution File, Format Version 12.00
# Visual Studio Version 17
VisualStudioVersion = 17.6.33829.357
MinimumVisualStudioVersion = 10.0.40219.1
Project("{FAE04EC0-301F-11D3-BF4B-00C04F79EFBC}") = "MoneyDenomination", "MoneyDenomination\MoneyDenomination.csproj", "{61D5F427-CEF4-4313-9769-F028B114B86B}"
EndProject
Global
	GlobalSection(SolutionConfigurationPlatforms) = preSolution
		Debug|Any CPU = Debug|Any CPU
		Release|Any CPU = Release|Any CPU
	EndGlobalSection
	GlobalSection(ProjectConfigurationPlatforms) = postSolution
		{61D5F427-CEF4-4313-9769-F028B114B86B}.Debug|Any CPU.ActiveCfg = Debug|Any CPU
		{61D5F427-CEF4-4313-9769-F028B114B86B}.Debug|Any CPU.Build.0 = Debug|Any CPU
		{61D5F427-CEF4-4313-9769-F028B114B86B}.Release|Any CPU.ActiveCfg = Release|Any CPU
		{61D5F427-CEF4-4313-9769-F028B114B86B}.Release|Any CPU.Build.0 = Release|Any CPU
	EndGlobalSection
	GlobalSection(SolutionProperties) = preSolution
		HideSolutionNode = FALSE
	EndGlobalSection
	GlobalSection(ExtensibilityGlobals) = postSolution
		SolutionGuid = {4F341053-EC64-4581-9287-4C1C86CE6ABC}
	EndGlobalSection
EndGlobal
